
Microsoft Visual Studio Solution File, Format Version 12.00
# Visual Studio Version 17
VisualStudioVersion = 17.8.34330.188
MinimumVisualStudioVersion = 10.0.40219.1
Project("{FAE04EC0-301F-11D3-BF4B-00C04F79EFBC}") = "ToDoList.Android", "ToDoList\ToDoList.Android\ToDoList.Android.csproj", "{3F9D5733-D0EE-454A-9B7E-987144FA2767}"
EndProject
Project("{FAE04EC0-301F-11D3-BF4B-00C04F79EFBC}") = "ToDoList", "ToDoList\ToDoList\ToDoList.csproj", "{EAA545DD-034D-422A-BAAC-00609B150C54}"
EndProject
Global
	GlobalSection(SolutionConfigurationPlatforms) = preSolution
		Debug|Any CPU = Debug|Any CPU
		Release|Any CPU = Release|Any CPU
	EndGlobalSection
	GlobalSection(ProjectConfigurationPlatforms) = postSolution
		{3F9D5733-D0EE-454A-9B7E-987144FA2767}.Debug|Any CPU.ActiveCfg = Debug|Any CPU
		{3F9D5733-D0EE-454A-9B7E-987144FA2767}.Debug|Any CPU.Build.0 = Debug|Any CPU
		{3F9D5733-D0EE-454A-9B7E-987144FA2767}.Debug|Any CPU.Deploy.0 = Debug|Any CPU
		{3F9D5733-D0EE-454A-9B7E-987144FA2767}.Release|Any CPU.ActiveCfg = Release|Any CPU
		{3F9D5733-D0EE-454A-9B7E-987144FA2767}.Release|Any CPU.Build.0 = Release|Any CPU
		{3F9D5733-D0EE-454A-9B7E-987144FA2767}.Release|Any CPU.Deploy.0 = Release|Any CPU
		{EAA545DD-034D-422A-BAAC-00609B150C54}.Debug|Any CPU.ActiveCfg = Debug|Any CPU
		{EAA545DD-034D-422A-BAAC-00609B150C54}.Debug|Any CPU.Build.0 = Debug|Any CPU
		{EAA545DD-034D-422A-BAAC-00609B150C54}.Debug|Any CPU.Deploy.0 = Debug|Any CPU
		{EAA545DD-034D-422A-BAAC-00609B150C54}.Release|Any CPU.ActiveCfg = Release|Any CPU
		{EAA545DD-034D-422A-BAAC-00609B150C54}.Release|Any CPU.Build.0 = Release|Any CPU
		{EAA545DD-034D-422A-BAAC-00609B150C54}.Release|Any CPU.Deploy.0 = Release|Any CPU
	EndGlobalSection
	GlobalSection(SolutionProperties) = preSolution
		HideSolutionNode = FALSE
	EndGlobalSection
	GlobalSection(ExtensibilityGlobals) = postSolution
		SolutionGuid = {46A7E67A-8CED-4605-B0DB-9B1E816DB549}
	EndGlobalSection
EndGlobal
